
Microsoft Visual Studio Solution File, Format Version 12.00
# Visual Studio Version 17
VisualStudioVersion = 17.7.34024.191
MinimumVisualStudioVersion = 10.0.40219.1
Project("{FAE04EC0-301F-11D3-BF4B-00C04F79EFBC}") = "LionDev", "LionDev.csproj", "{D783B926-B43C-456B-A055-C4965A877ED1}"
EndProject
Global
	GlobalSection(SolutionConfigurationPlatforms) = preSolution
		Debug|Any CPU = Debug|Any CPU
		Release|Any CPU = Release|Any CPU
	EndGlobalSection
	GlobalSection(ProjectConfigurationPlatforms) = postSolution
		{D783B926-B43C-456B-A055-C4965A877ED1}.Debug|Any CPU.ActiveCfg = Debug|Any CPU
		{D783B926-B43C-456B-A055-C4965A877ED1}.Debug|Any CPU.Build.0 = Debug|Any CPU
		{D783B926-B43C-456B-A055-C4965A877ED1}.Release|Any CPU.ActiveCfg = Release|Any CPU
		{D783B926-B43C-456B-A055-C4965A877ED1}.Release|Any CPU.Build.0 = Release|Any CPU
	EndGlobalSection
	GlobalSection(SolutionProperties) = preSolution
		HideSolutionNode = FALSE
	EndGlobalSection
	GlobalSection(ExtensibilityGlobals) = postSolution
		SolutionGuid = {D4CA8AA4-C717-4992-A41D-9FADC4EB788E}
	EndGlobalSection
EndGlobal
